
Microsoft Visual Studio Solution File, Format Version 12.00
# Visual Studio Version 17
VisualStudioVersion = 17.4.33213.308
MinimumVisualStudioVersion = 10.0.40219.1
Project("{FAE04EC0-301F-11D3-BF4B-00C04F79EFBC}") = "WeatherApp", "WeatherApp\WeatherApp.csproj", "{299CC888-E729-4689-A965-97547B4B00FA}"
EndProject
Global
	GlobalSection(SolutionConfigurationPlatforms) = preSolution
		Debug|Any CPU = Debug|Any CPU
		Release|Any CPU = Release|Any CPU
	EndGlobalSection
	GlobalSection(ProjectConfigurationPlatforms) = postSolution
		{299CC888-E729-4689-A965-97547B4B00FA}.Debug|Any CPU.ActiveCfg = Debug|Any CPU
		{299CC888-E729-4689-A965-97547B4B00FA}.Debug|Any CPU.Build.0 = Debug|Any CPU
		{299CC888-E729-4689-A965-97547B4B00FA}.Release|Any CPU.ActiveCfg = Release|Any CPU
		{299CC888-E729-4689-A965-97547B4B00FA}.Release|Any CPU.Build.0 = Release|Any CPU
	EndGlobalSection
	GlobalSection(SolutionProperties) = preSolution
		HideSolutionNode = FALSE
	EndGlobalSection
	GlobalSection(ExtensibilityGlobals) = postSolution
		SolutionGuid = {E30715A8-D739-4611-B3B1-DD98D3F1DFC8}
	EndGlobalSection
EndGlobal
